
Microsoft Visual Studio Solution File, Format Version 12.00
# Visual Studio 15
VisualStudioVersion = 15.0.28307.168
MinimumVisualStudioVersion = 10.0.40219.1
Project("{FAE04EC0-301F-11D3-BF4B-00C04F79EFBC}") = "ConsoleApp", "ConsoleApp\ConsoleApp.csproj", "{AD323460-C498-4198-839D-7210DD9E025B}"
EndProject
Project("{FAE04EC0-301F-11D3-BF4B-00C04F79EFBC}") = "Models", "Models\Models.csproj", "{544DD432-2477-491E-A734-385A3A177E13}"
EndProject
Project("{FAE04EC0-301F-11D3-BF4B-00C04F79EFBC}") = "Service.Interfaces", "Service.Interfaces\Service.Interfaces.csproj", "{D8F68007-F2D9-47F0-9612-F3A764990120}"
EndProject
Project("{FAE04EC0-301F-11D3-BF4B-00C04F79EFBC}") = "Service.Local", "Service.Local\Service.Local.csproj", "{E8CE7258-15B8-4BB8-A782-17CAC2111E00}"
EndProject
Project("{FAE04EC0-301F-11D3-BF4B-00C04F79EFBC}") = "DAL", "DAL\DAL.csproj", "{C4248F39-F891-4092-870E-A91D92F66EFC}"
EndProject
Project("{FAE04EC0-301F-11D3-BF4B-00C04F79EFBC}") = "SOLID", "SOLID\SOLID.csproj", "{E0258600-7309-4AC7-8C7C-2EADBAA2A5FC}"
EndProject
Global
	GlobalSection(SolutionConfigurationPlatforms) = preSolution
		Debug|Any CPU = Debug|Any CPU
		Release|Any CPU = Release|Any CPU
	EndGlobalSection
	GlobalSection(ProjectConfigurationPlatforms) = postSolution
		{AD323460-C498-4198-839D-7210DD9E025B}.Debug|Any CPU.ActiveCfg = Debug|Any CPU
		{AD323460-C498-4198-839D-7210DD9E025B}.Debug|Any CPU.Build.0 = Debug|Any CPU
		{AD323460-C498-4198-839D-7210DD9E025B}.Release|Any CPU.ActiveCfg = Release|Any CPU
		{AD323460-C498-4198-839D-7210DD9E025B}.Release|Any CPU.Build.0 = Release|Any CPU
		{544DD432-2477-491E-A734-385A3A177E13}.Debug|Any CPU.ActiveCfg = Debug|Any CPU
		{544DD432-2477-491E-A734-385A3A177E13}.Debug|Any CPU.Build.0 = Debug|Any CPU
		{544DD432-2477-491E-A734-385A3A177E13}.Release|Any CPU.ActiveCfg = Release|Any CPU
		{544DD432-2477-491E-A734-385A3A177E13}.Release|Any CPU.Build.0 = Release|Any CPU
		{D8F68007-F2D9-47F0-9612-F3A764990120}.Debug|Any CPU.ActiveCfg = Debug|Any CPU
		{D8F68007-F2D9-47F0-9612-F3A764990120}.Debug|Any CPU.Build.0 = Debug|Any CPU
		{D8F68007-F2D9-47F0-9612-F3A764990120}.Release|Any CPU.ActiveCfg = Release|Any CPU
		{D8F68007-F2D9-47F0-9612-F3A764990120}.Release|Any CPU.Build.0 = Release|Any CPU
		{E8CE7258-15B8-4BB8-A782-17CAC2111E00}.Debug|Any CPU.ActiveCfg = Debug|Any CPU
		{E8CE7258-15B8-4BB8-A782-17CAC2111E00}.Debug|Any CPU.Build.0 = Debug|Any CPU
		{E8CE7258-15B8-4BB8-A782-17CAC2111E00}.Release|Any CPU.ActiveCfg = Release|Any CPU
		{E8CE7258-15B8-4BB8-A782-17CAC2111E00}.Release|Any CPU.Build.0 = Release|Any CPU
		{C4248F39-F891-4092-870E-A91D92F66EFC}.Debug|Any CPU.ActiveCfg = Debug|Any CPU
		{C4248F39-F891-4092-870E-A91D92F66EFC}.Debug|Any CPU.Build.0 = Debug|Any CPU
		{C4248F39-F891-4092-870E-A91D92F66EFC}.Release|Any CPU.ActiveCfg = Release|Any CPU
		{C4248F39-F891-4092-870E-A91D92F66EFC}.Release|Any CPU.Build.0 = Release|Any CPU
		{E0258600-7309-4AC7-8C7C-2EADBAA2A5FC}.Debug|Any CPU.ActiveCfg = Debug|Any CPU
		{E0258600-7309-4AC7-8C7C-2EADBAA2A5FC}.Debug|Any CPU.Build.0 = Debug|Any CPU
		{E0258600-7309-4AC7-8C7C-2EADBAA2A5FC}.Release|Any CPU.ActiveCfg = Release|Any CPU
		{E0258600-7309-4AC7-8C7C-2EADBAA2A5FC}.Release|Any CPU.Build.0 = Release|Any CPU
	EndGlobalSection
	GlobalSection(SolutionProperties) = preSolution
		HideSolutionNode = FALSE
	EndGlobalSection
	GlobalSection(ExtensibilityGlobals) = postSolution
		SolutionGuid = {B4FB95B5-D0EA-4520-9DFB-14C96D0721B7}
	EndGlobalSection
EndGlobal
